{
  "nodes": {
    "agenix": {
      "inputs": {
        "darwin": "darwin",
        "home-manager": "home-manager",
        "nixpkgs": [
          "nixpkgs"
        ],
        "systems": "systems"
      },
      "locked": {
        "lastModified": 1770165109,
        "narHash": "sha256-9VnK6Oqai65puVJ4WYtCTvlJeXxMzAp/69HhQuTdl/I=",
        "owner": "ryantm",
        "repo": "agenix",
        "rev": "b027ee29d959fda4b60b57566d64c98a202e0feb",
        "type": "github"
      },
      "original": {
        "owner": "ryantm",
        "repo": "agenix",
        "type": "github"
      }
    },
    "brew-src": {
      "flake": false,
      "locked": {
        "lastModified": 1784068757,
        "narHash": "sha256-7KnV7rTlMpys+2J+TFVxUDDyKPLXFs4wIMtckMC72VM=",
        "owner": "Homebrew",
        "repo": "brew",
        "rev": "6bd951d96e7ebc54787799dba77bfb26ec956c4c",
        "type": "github"
      },
      "original": {
        "owner": "Homebrew",
        "ref": "6.0.11",
        "repo": "brew",
        "type": "github"
      }
    },
    "darwin": {
      "inputs": {
        "nixpkgs": [
          "agenix",
          "nixpkgs"
        ]
      },
      "locked": {
        "lastModified": 1744478979,
        "narHash": "sha256-dyN+teG9G82G+m+PX/aSAagkC+vUv0SgUw3XkPhQodQ=",
        "owner": "lnl7",
        "repo": "nix-darwin",
        "rev": "43975d782b418ebf4969e9ccba82466728c2851b",
        "type": "github"
      },
      "original": {
        "owner": "lnl7",
        "ref": "master",
        "repo": "nix-darwin",
        "type": "github"
      }
    },
    "darwin_2": {
      "inputs": {
        "nixpkgs": [
          "nixpkgs"
        ]
      },
      "locked": {
        "lastModified": 1784123936,
        "narHash": "sha256-IOWwQMJhUxcojm0MRvuKs1fKLH727u4+hHeEOPhdUyA=",
        "owner": "nix-darwin",
        "repo": "nix-darwin",
        "rev": "a4cf1d10853b0d2be19b9eca35d749e201d70b55",
        "type": "github"
      },
      "original": {
        "owner": "nix-darwin",
        "repo": "nix-darwin",
        "type": "github"
      }
    },
    "home-manager": {
      "inputs": {
        "nixpkgs": [
          "agenix",
          "nixpkgs"
        ]
      },
      "locked": {
        "lastModified": 1745494811,
        "narHash": "sha256-YZCh2o9Ua1n9uCvrvi5pRxtuVNml8X2a03qIFfRKpFs=",
        "owner": "nix-community",
        "repo": "home-manager",
        "rev": "abfad3d2958c9e6300a883bd443512c55dfeb1be",
        "type": "github"
      },
      "original": {
        "owner": "nix-community",
        "repo": "home-manager",
        "type": "github"
      }
    },
    "home-manager_2": {
      "inputs": {
        "nixpkgs": [
          "nixpkgs"
        ]
      },
      "locked": {
        "lastModified": 1784129366,
        "narHash": "sha256-N5JiyICSeQF14x+OQebNyPpYowOT9Rs1iKyeCylSzOA=",
        "owner": "nix-community",
        "repo": "home-manager",
        "rev": "165228b0efefc3e635e5174020c40ea64271dc25",
        "type": "github"
      },
      "original": {
        "owner": "nix-community",
        "repo": "home-manager",
        "type": "github"
      }
    },
    "homebrew-cask": {
      "flake": false,
      "locked": {
        "lastModified": 1784247887,
        "narHash": "sha256-VOKehktTyxTprvN8quKkobZnpwbQf2KS+QEYv7spBoo=",
        "owner": "homebrew",
        "repo": "homebrew-cask",
        "rev": "e3d706e998ca1d9fa665b37146c8a7f8efa441c7",
        "type": "github"
      },
      "original": {
        "owner": "homebrew",
        "repo": "homebrew-cask",
        "type": "github"
      }
    },
    "homebrew-cmux": {
      "flake": false,
      "locked": {
        "lastModified": 1782212236,
        "narHash": "sha256-GBfbIdIV0mazErHiN241x5K2TPB49ABE6n2X3S8Us14=",
        "owner": "manaflow-ai",
        "repo": "homebrew-cmux",
        "rev": "acf60b95d5bf43f4cbeef2c6c81cf06c48c4caf6",
        "type": "github"
      },
      "original": {
        "owner": "manaflow-ai",
        "repo": "homebrew-cmux",
        "type": "github"
      }
    },
    "homebrew-core": {
      "flake": false,
      "locked": {
        "lastModified": 1784240475,
        "narHash": "sha256-NzcICOeg9vmxOMDfxAEksthxZ+hgWjXFG+R+sUp2ZYI=",
        "owner": "homebrew",
        "repo": "homebrew-core",
        "rev": "b144deb833ff84b6025ae72efc1b0ca31fe84adf",
        "type": "github"
      },
      "original": {
        "owner": "homebrew",
        "repo": "homebrew-core",
        "type": "github"
      }
    },
    "homebrew-datadog": {
      "flake": false,
      "locked": {
        "lastModified": 1784154950,
        "narHash": "sha256-rVHttm2x3CVnpNolvhGIo1COPmxSnis3nnBxtc0oAcM=",
        "owner": "datadog-labs",
        "repo": "homebrew-pack",
        "rev": "b319d2dca96eb0475e2d96dbf4bbb1a73c1eff8b",
        "type": "github"
      },
      "original": {
        "owner": "datadog-labs",
        "repo": "homebrew-pack",
        "type": "github"
      }
    },
    "homebrew-rtk": {
      "flake": false,
      "locked": {
        "lastModified": 1783624286,
        "narHash": "sha256-W0OG8QxIpN6ETsK+ANUWuIyXxkmj8J5yRFX0g3dS0Xg=",
        "owner": "rtk-ai",
        "repo": "homebrew-tap",
        "rev": "6e567e797f628014ca67c2ffb68aa2ffcb9f29ff",
        "type": "github"
      },
      "original": {
        "owner": "rtk-ai",
        "repo": "homebrew-tap",
        "type": "github"
      }
    },
    "nix-homebrew": {
      "inputs": {
        "brew-src": "brew-src"
      },
      "locked": {
        "lastModified": 1784159664,
        "narHash": "sha256-I/B6YoRLImHEqNWh8bs+tPjEDeteACeFhcLyoSMo1GE=",
        "owner": "zhaofengli",
        "repo": "nix-homebrew",
        "rev": "842eeb863ecca0eeb463f7a814cdc51e1d925776",
        "type": "github"
      },
      "original": {
        "owner": "zhaofengli",
        "repo": "nix-homebrew",
        "type": "github"
      }
    },
    "nixpkgs": {
      "locked": {
        "lastModified": 1784176690,
        "narHash": "sha256-RUXu+GHGkY+eShsqx8hp0BIIo51K3V1Q8AY4pPAUcDw=",
        "owner": "nixos",
        "repo": "nixpkgs",
        "rev": "6368bc923cec55a5f78960ade0cb4dd99580e087",
        "type": "github"
      },
      "original": {
        "owner": "nixos",
        "ref": "nixpkgs-unstable",
        "repo": "nixpkgs",
        "type": "github"
      }
    },
    "root": {
      "inputs": {
        "agenix": "agenix",
        "darwin": "darwin_2",
        "home-manager": "home-manager_2",
        "homebrew-cask": "homebrew-cask",
        "homebrew-cmux": "homebrew-cmux",
        "homebrew-core": "homebrew-core",
        "homebrew-datadog": "homebrew-datadog",
        "homebrew-rtk": "homebrew-rtk",
        "nix-homebrew": "nix-homebrew",
        "nixpkgs": "nixpkgs"
      }
    },
    "systems": {
      "locked": {
        "lastModified": 1681028828,
        "narHash": "sha256-Vy1rq5AaRuLzOxct8nz4T6wlgyUR7zLU309k9mBC768=",
        "owner": "nix-systems",
        "repo": "default",
        "rev": "da67096a3b9bf56a91d16901293e51ba5b49a27e",
        "type": "github"
      },
      "original": {
        "owner": "nix-systems",
        "repo": "default",
        "type": "github"
      }
    }
  },
  "root": "root",
  "version": 7
}
